
Microsoft Visual Studio Solution File, Format Version 12.00
Project("{FAE04EC0-301F-11D3-BF4B-00C04F79EFBC}") = "Fridge.API", "src\Presentation\Fridge.API\Fridge.API.csproj", "{EAFD919C-4080-40F0-8EB4-6FBFF0D57039}"
EndProject
Project("{2150E333-8FDC-42A3-9474-1A3956D46DE8}") = "Solution Items", "Solution Items", "{7A7B379B-9929-40FF-AD60-3169A632C835}"
	ProjectSection(SolutionItems) = preProject
		compose.yaml = compose.yaml
	EndProjectSection
EndProject
Project("{FAE04EC0-301F-11D3-BF4B-00C04F79EFBC}") = "Fridge.Domain", "src\Core\Fridge\Fridge.Domain\Fridge.Domain.csproj", "{07BA4B93-181E-4259-AEC5-162746A83347}"
EndProject
Project("{FAE04EC0-301F-11D3-BF4B-00C04F79EFBC}") = "Fridge.Infrastructure", "src\Core\Fridge\Fridge.Infrastructure\Fridge.Infrastructure.csproj", "{2EE0C2E1-FEF9-4622-90CC-6A31050C988B}"
EndProject
Project("{FAE04EC0-301F-11D3-BF4B-00C04F79EFBC}") = "Fridge.Application", "src\Core\Fridge\Fridge.Application\Fridge.Application.csproj", "{93F61B08-2BFA-42AD-9C48-E965E5579065}"
EndProject
Project("{FAE04EC0-301F-11D3-BF4B-00C04F79EFBC}") = "Statistic.API", "src\Presentation\Statistic.API\Statistic.API.csproj", "{86F9309B-1E8E-4395-98F6-CE2241136020}"
EndProject
Project("{FAE04EC0-301F-11D3-BF4B-00C04F79EFBC}") = "Statistic.Domain", "src\Core\Statistic\Statistic.Domain\Statistic.Domain.csproj", "{6FB5F5D2-1FFE-4C91-935C-45E77AFEDFE6}"
EndProject
Project("{FAE04EC0-301F-11D3-BF4B-00C04F79EFBC}") = "Statistic.Application", "src\Core\Statistic\Statistic.Application\Statistic.Application.csproj", "{7A531E24-54B2-4FF7-A132-40A80572BD73}"
EndProject
Project("{FAE04EC0-301F-11D3-BF4B-00C04F79EFBC}") = "Statistic.Infrastructure", "src\Core\Statistic\Statistic.Infrastructure\Statistic.Infrastructure.csproj", "{3D5FEAAC-1446-44AC-B2BD-01F2BD443960}"
EndProject
Project("{FAE04EC0-301F-11D3-BF4B-00C04F79EFBC}") = "User.Service", "src\Presentation\Identity\User.Service\User.Service.csproj", "{A925B64B-3D83-4962-A56C-2FDBEAA5E4C9}"
EndProject
Project("{FAE04EC0-301F-11D3-BF4B-00C04F79EFBC}") = "Plan.Service", "src\Presentation\Identity\Plan.Service\Plan.Service.csproj", "{8D462D3C-E0D7-49EB-943E-775F0B53AB2F}"
EndProject
Project("{FAE04EC0-301F-11D3-BF4B-00C04F79EFBC}") = "Identity.API", "src\Presentation\Identity\Identity.API\Identity.API.csproj", "{C0A2F647-3B8B-4AFA-BDDC-ED3D43793FE3}"
EndProject
Project("{FAE04EC0-301F-11D3-BF4B-00C04F79EFBC}") = "Plan.Application", "src\Core\Plan\Plan.Application\Plan.Application.csproj", "{D19F3EB1-EE2A-4C82-80E5-9C51EFD2E967}"
EndProject
Project("{FAE04EC0-301F-11D3-BF4B-00C04F79EFBC}") = "Plan.Domain", "src\Core\Plan\Plan.Domain\Plan.Domain.csproj", "{1AD2A1B2-576D-42B8-90CB-38BE62F95D27}"
EndProject
Project("{FAE04EC0-301F-11D3-BF4B-00C04F79EFBC}") = "Plan.Infrastructure", "src\Core\Plan\Plan.Infrastructure\Plan.Infrastructure.csproj", "{8E5F2665-0782-4886-A0CB-B8A933847924}"
EndProject
Project("{FAE04EC0-301F-11D3-BF4B-00C04F79EFBC}") = "User.Application", "src\Core\User\User.Application\User.Application.csproj", "{B576C97B-7CB0-4BD6-AF6E-13C46A2DECAC}"
EndProject
Project("{FAE04EC0-301F-11D3-BF4B-00C04F79EFBC}") = "User.Domain", "src\Core\User\User.Domain\User.Domain.csproj", "{4C95E5FA-7FB5-4653-A495-2F291E8FF65E}"
EndProject
Project("{FAE04EC0-301F-11D3-BF4B-00C04F79EFBC}") = "User.Infrastructure", "src\Core\User\User.Infrastructure\User.Infrastructure.csproj", "{42F0AC2B-59A0-455A-9ED6-31E2FCDD139E}"
EndProject
Project("{FAE04EC0-301F-11D3-BF4B-00C04F79EFBC}") = "Grpc.Adapter", "src\Adapters\Grpc.Adapter\Grpc.Adapter.csproj", "{8320CFD5-1AF1-4C8B-A931-A44BC153C466}"
EndProject
Project("{FAE04EC0-301F-11D3-BF4B-00C04F79EFBC}") = "Identity.Domain", "src\Core\Identity\Identity.Domain\Identity.Domain.csproj", "{B4395D97-4C83-4237-9D9F-B92048DA237E}"
EndProject
Project("{FAE04EC0-301F-11D3-BF4B-00C04F79EFBC}") = "Grpc.Adapter.UnitTests", "tests\Adapters\Grpc.Adapter.UnitTests\Grpc.Adapter.UnitTests.csproj", "{DABF7C9E-B71F-414A-81B7-84CBC09C267C}"
EndProject
Project("{FAE04EC0-301F-11D3-BF4B-00C04F79EFBC}") = "Identity.Application", "src\Core\Identity\Identity.Application\Identity.Application.csproj", "{4C17A4F5-DEFE-4FBD-AD99-6C27A1D74899}"
EndProject
Project("{FAE04EC0-301F-11D3-BF4B-00C04F79EFBC}") = "Extensions", "src\Shared\Extensions\Extensions.csproj", "{757EC081-62B4-4167-8E82-32E5028A1CE2}"
EndProject
Project("{FAE04EC0-301F-11D3-BF4B-00C04F79EFBC}") = "ExtensionUnitTests", "tests\Shared\ExtensionUnitTests\ExtensionUnitTests.csproj", "{27479D1D-EF40-4F0D-8009-0064F13CBB16}"
EndProject
Project("{FAE04EC0-301F-11D3-BF4B-00C04F79EFBC}") = "Models", "src\Shared\Models\Models.csproj", "{397B7BEF-5AE4-453A-97C4-40267845038A}"
EndProject
Project("{FAE04EC0-301F-11D3-BF4B-00C04F79EFBC}") = "User.Application.UnitTests", "tests\Core\User.Application.UnitTests\User.Application.UnitTests.csproj", "{8F687C7D-084E-494D-8BCE-9F8821A60B23}"
EndProject
Global
	GlobalSection(SolutionConfigurationPlatforms) = preSolution
		Debug|Any CPU = Debug|Any CPU
		Release|Any CPU = Release|Any CPU
	EndGlobalSection
	GlobalSection(ProjectConfigurationPlatforms) = postSolution
		{EAFD919C-4080-40F0-8EB4-6FBFF0D57039}.Debug|Any CPU.ActiveCfg = Debug|Any CPU
		{EAFD919C-4080-40F0-8EB4-6FBFF0D57039}.Debug|Any CPU.Build.0 = Debug|Any CPU
		{EAFD919C-4080-40F0-8EB4-6FBFF0D57039}.Release|Any CPU.ActiveCfg = Release|Any CPU
		{EAFD919C-4080-40F0-8EB4-6FBFF0D57039}.Release|Any CPU.Build.0 = Release|Any CPU
		{07BA4B93-181E-4259-AEC5-162746A83347}.Debug|Any CPU.ActiveCfg = Debug|Any CPU
		{07BA4B93-181E-4259-AEC5-162746A83347}.Debug|Any CPU.Build.0 = Debug|Any CPU
		{07BA4B93-181E-4259-AEC5-162746A83347}.Release|Any CPU.ActiveCfg = Release|Any CPU
		{07BA4B93-181E-4259-AEC5-162746A83347}.Release|Any CPU.Build.0 = Release|Any CPU
		{2EE0C2E1-FEF9-4622-90CC-6A31050C988B}.Debug|Any CPU.ActiveCfg = Debug|Any CPU
		{2EE0C2E1-FEF9-4622-90CC-6A31050C988B}.Debug|Any CPU.Build.0 = Debug|Any CPU
		{2EE0C2E1-FEF9-4622-90CC-6A31050C988B}.Release|Any CPU.ActiveCfg = Release|Any CPU
		{2EE0C2E1-FEF9-4622-90CC-6A31050C988B}.Release|Any CPU.Build.0 = Release|Any CPU
		{93F61B08-2BFA-42AD-9C48-E965E5579065}.Debug|Any CPU.ActiveCfg = Debug|Any CPU
		{93F61B08-2BFA-42AD-9C48-E965E5579065}.Debug|Any CPU.Build.0 = Debug|Any CPU
		{93F61B08-2BFA-42AD-9C48-E965E5579065}.Release|Any CPU.ActiveCfg = Release|Any CPU
		{93F61B08-2BFA-42AD-9C48-E965E5579065}.Release|Any CPU.Build.0 = Release|Any CPU
		{86F9309B-1E8E-4395-98F6-CE2241136020}.Debug|Any CPU.ActiveCfg = Debug|Any CPU
		{86F9309B-1E8E-4395-98F6-CE2241136020}.Debug|Any CPU.Build.0 = Debug|Any CPU
		{86F9309B-1E8E-4395-98F6-CE2241136020}.Release|Any CPU.ActiveCfg = Release|Any CPU
		{86F9309B-1E8E-4395-98F6-CE2241136020}.Release|Any CPU.Build.0 = Release|Any CPU
		{6FB5F5D2-1FFE-4C91-935C-45E77AFEDFE6}.Debug|Any CPU.ActiveCfg = Debug|Any CPU
		{6FB5F5D2-1FFE-4C91-935C-45E77AFEDFE6}.Debug|Any CPU.Build.0 = Debug|Any CPU
		{6FB5F5D2-1FFE-4C91-935C-45E77AFEDFE6}.Release|Any CPU.ActiveCfg = Release|Any CPU
		{6FB5F5D2-1FFE-4C91-935C-45E77AFEDFE6}.Release|Any CPU.Build.0 = Release|Any CPU
		{7A531E24-54B2-4FF7-A132-40A80572BD73}.Debug|Any CPU.ActiveCfg = Debug|Any CPU
		{7A531E24-54B2-4FF7-A132-40A80572BD73}.Debug|Any CPU.Build.0 = Debug|Any CPU
		{7A531E24-54B2-4FF7-A132-40A80572BD73}.Release|Any CPU.ActiveCfg = Release|Any CPU
		{7A531E24-54B2-4FF7-A132-40A80572BD73}.Release|Any CPU.Build.0 = Release|Any CPU
		{3D5FEAAC-1446-44AC-B2BD-01F2BD443960}.Debug|Any CPU.ActiveCfg = Debug|Any CPU
		{3D5FEAAC-1446-44AC-B2BD-01F2BD443960}.Debug|Any CPU.Build.0 = Debug|Any CPU
		{3D5FEAAC-1446-44AC-B2BD-01F2BD443960}.Release|Any CPU.ActiveCfg = Release|Any CPU
		{3D5FEAAC-1446-44AC-B2BD-01F2BD443960}.Release|Any CPU.Build.0 = Release|Any CPU
		{A925B64B-3D83-4962-A56C-2FDBEAA5E4C9}.Debug|Any CPU.ActiveCfg = Debug|Any CPU
		{A925B64B-3D83-4962-A56C-2FDBEAA5E4C9}.Debug|Any CPU.Build.0 = Debug|Any CPU
		{A925B64B-3D83-4962-A56C-2FDBEAA5E4C9}.Release|Any CPU.ActiveCfg = Release|Any CPU
		{A925B64B-3D83-4962-A56C-2FDBEAA5E4C9}.Release|Any CPU.Build.0 = Release|Any CPU
		{8D462D3C-E0D7-49EB-943E-775F0B53AB2F}.Debug|Any CPU.ActiveCfg = Debug|Any CPU
		{8D462D3C-E0D7-49EB-943E-775F0B53AB2F}.Debug|Any CPU.Build.0 = Debug|Any CPU
		{8D462D3C-E0D7-49EB-943E-775F0B53AB2F}.Release|Any CPU.ActiveCfg = Release|Any CPU
		{8D462D3C-E0D7-49EB-943E-775F0B53AB2F}.Release|Any CPU.Build.0 = Release|Any CPU
		{C0A2F647-3B8B-4AFA-BDDC-ED3D43793FE3}.Debug|Any CPU.ActiveCfg = Debug|Any CPU
		{C0A2F647-3B8B-4AFA-BDDC-ED3D43793FE3}.Debug|Any CPU.Build.0 = Debug|Any CPU
		{C0A2F647-3B8B-4AFA-BDDC-ED3D43793FE3}.Release|Any CPU.ActiveCfg = Release|Any CPU
		{C0A2F647-3B8B-4AFA-BDDC-ED3D43793FE3}.Release|Any CPU.Build.0 = Release|Any CPU
		{D19F3EB1-EE2A-4C82-80E5-9C51EFD2E967}.Debug|Any CPU.ActiveCfg = Debug|Any CPU
		{D19F3EB1-EE2A-4C82-80E5-9C51EFD2E967}.Debug|Any CPU.Build.0 = Debug|Any CPU
		{D19F3EB1-EE2A-4C82-80E5-9C51EFD2E967}.Release|Any CPU.ActiveCfg = Release|Any CPU
		{D19F3EB1-EE2A-4C82-80E5-9C51EFD2E967}.Release|Any CPU.Build.0 = Release|Any CPU
		{1AD2A1B2-576D-42B8-90CB-38BE62F95D27}.Debug|Any CPU.ActiveCfg = Debug|Any CPU
		{1AD2A1B2-576D-42B8-90CB-38BE62F95D27}.Debug|Any CPU.Build.0 = Debug|Any CPU
		{1AD2A1B2-576D-42B8-90CB-38BE62F95D27}.Release|Any CPU.ActiveCfg = Release|Any CPU
		{1AD2A1B2-576D-42B8-90CB-38BE62F95D27}.Release|Any CPU.Build.0 = Release|Any CPU
		{8E5F2665-0782-4886-A0CB-B8A933847924}.Debug|Any CPU.ActiveCfg = Debug|Any CPU
		{8E5F2665-0782-4886-A0CB-B8A933847924}.Debug|Any CPU.Build.0 = Debug|Any CPU
		{8E5F2665-0782-4886-A0CB-B8A933847924}.Release|Any CPU.ActiveCfg = Release|Any CPU
		{8E5F2665-0782-4886-A0CB-B8A933847924}.Release|Any CPU.Build.0 = Release|Any CPU
		{B576C97B-7CB0-4BD6-AF6E-13C46A2DECAC}.Debug|Any CPU.ActiveCfg = Debug|Any CPU
		{B576C97B-7CB0-4BD6-AF6E-13C46A2DECAC}.Debug|Any CPU.Build.0 = Debug|Any CPU
		{B576C97B-7CB0-4BD6-AF6E-13C46A2DECAC}.Release|Any CPU.ActiveCfg = Release|Any CPU
		{B576C97B-7CB0-4BD6-AF6E-13C46A2DECAC}.Release|Any CPU.Build.0 = Release|Any CPU
		{4C95E5FA-7FB5-4653-A495-2F291E8FF65E}.Debug|Any CPU.ActiveCfg = Debug|Any CPU
		{4C95E5FA-7FB5-4653-A495-2F291E8FF65E}.Debug|Any CPU.Build.0 = Debug|Any CPU
		{4C95E5FA-7FB5-4653-A495-2F291E8FF65E}.Release|Any CPU.ActiveCfg = Release|Any CPU
		{4C95E5FA-7FB5-4653-A495-2F291E8FF65E}.Release|Any CPU.Build.0 = Release|Any CPU
		{42F0AC2B-59A0-455A-9ED6-31E2FCDD139E}.Debug|Any CPU.ActiveCfg = Debug|Any CPU
		{42F0AC2B-59A0-455A-9ED6-31E2FCDD139E}.Debug|Any CPU.Build.0 = Debug|Any CPU
		{42F0AC2B-59A0-455A-9ED6-31E2FCDD139E}.Release|Any CPU.ActiveCfg = Release|Any CPU
		{42F0AC2B-59A0-455A-9ED6-31E2FCDD139E}.Release|Any CPU.Build.0 = Release|Any CPU
		{8E8047FB-5CE1-40DC-860E-ED06DBAB2AEB}.Debug|Any CPU.ActiveCfg = Debug|Any CPU
		{8E8047FB-5CE1-40DC-860E-ED06DBAB2AEB}.Debug|Any CPU.Build.0 = Debug|Any CPU
		{8E8047FB-5CE1-40DC-860E-ED06DBAB2AEB}.Release|Any CPU.ActiveCfg = Release|Any CPU
		{8E8047FB-5CE1-40DC-860E-ED06DBAB2AEB}.Release|Any CPU.Build.0 = Release|Any CPU
		{8320CFD5-1AF1-4C8B-A931-A44BC153C466}.Debug|Any CPU.ActiveCfg = Debug|Any CPU
		{8320CFD5-1AF1-4C8B-A931-A44BC153C466}.Debug|Any CPU.Build.0 = Debug|Any CPU
		{8320CFD5-1AF1-4C8B-A931-A44BC153C466}.Release|Any CPU.ActiveCfg = Release|Any CPU
		{8320CFD5-1AF1-4C8B-A931-A44BC153C466}.Release|Any CPU.Build.0 = Release|Any CPU
		{B4395D97-4C83-4237-9D9F-B92048DA237E}.Debug|Any CPU.ActiveCfg = Debug|Any CPU
		{B4395D97-4C83-4237-9D9F-B92048DA237E}.Debug|Any CPU.Build.0 = Debug|Any CPU
		{B4395D97-4C83-4237-9D9F-B92048DA237E}.Release|Any CPU.ActiveCfg = Release|Any CPU
		{B4395D97-4C83-4237-9D9F-B92048DA237E}.Release|Any CPU.Build.0 = Release|Any CPU
		{DABF7C9E-B71F-414A-81B7-84CBC09C267C}.Debug|Any CPU.ActiveCfg = Debug|Any CPU
		{DABF7C9E-B71F-414A-81B7-84CBC09C267C}.Debug|Any CPU.Build.0 = Debug|Any CPU
		{DABF7C9E-B71F-414A-81B7-84CBC09C267C}.Release|Any CPU.ActiveCfg = Release|Any CPU
		{DABF7C9E-B71F-414A-81B7-84CBC09C267C}.Release|Any CPU.Build.0 = Release|Any CPU
		{4C17A4F5-DEFE-4FBD-AD99-6C27A1D74899}.Debug|Any CPU.ActiveCfg = Debug|Any CPU
		{4C17A4F5-DEFE-4FBD-AD99-6C27A1D74899}.Debug|Any CPU.Build.0 = Debug|Any CPU
		{4C17A4F5-DEFE-4FBD-AD99-6C27A1D74899}.Release|Any CPU.ActiveCfg = Release|Any CPU
		{4C17A4F5-DEFE-4FBD-AD99-6C27A1D74899}.Release|Any CPU.Build.0 = Release|Any CPU
		{757EC081-62B4-4167-8E82-32E5028A1CE2}.Debug|Any CPU.ActiveCfg = Debug|Any CPU
		{757EC081-62B4-4167-8E82-32E5028A1CE2}.Debug|Any CPU.Build.0 = Debug|Any CPU
		{757EC081-62B4-4167-8E82-32E5028A1CE2}.Release|Any CPU.ActiveCfg = Release|Any CPU
		{757EC081-62B4-4167-8E82-32E5028A1CE2}.Release|Any CPU.Build.0 = Release|Any CPU
		{27479D1D-EF40-4F0D-8009-0064F13CBB16}.Debug|Any CPU.ActiveCfg = Debug|Any CPU
		{27479D1D-EF40-4F0D-8009-0064F13CBB16}.Debug|Any CPU.Build.0 = Debug|Any CPU
		{27479D1D-EF40-4F0D-8009-0064F13CBB16}.Release|Any CPU.ActiveCfg = Release|Any CPU
		{27479D1D-EF40-4F0D-8009-0064F13CBB16}.Release|Any CPU.Build.0 = Release|Any CPU
		{397B7BEF-5AE4-453A-97C4-40267845038A}.Debug|Any CPU.ActiveCfg = Debug|Any CPU
		{397B7BEF-5AE4-453A-97C4-40267845038A}.Debug|Any CPU.Build.0 = Debug|Any CPU
		{397B7BEF-5AE4-453A-97C4-40267845038A}.Release|Any CPU.ActiveCfg = Release|Any CPU
		{397B7BEF-5AE4-453A-97C4-40267845038A}.Release|Any CPU.Build.0 = Release|Any CPU
		{8F687C7D-084E-494D-8BCE-9F8821A60B23}.Debug|Any CPU.ActiveCfg = Debug|Any CPU
		{8F687C7D-084E-494D-8BCE-9F8821A60B23}.Debug|Any CPU.Build.0 = Debug|Any CPU
		{8F687C7D-084E-494D-8BCE-9F8821A60B23}.Release|Any CPU.ActiveCfg = Release|Any CPU
		{8F687C7D-084E-494D-8BCE-9F8821A60B23}.Release|Any CPU.Build.0 = Release|Any CPU
	EndGlobalSection
EndGlobal
